
Microsoft Visual Studio Solution File, Format Version 12.00
# Visual Studio Version 17
VisualStudioVersion = 17.11.35327.3
MinimumVisualStudioVersion = 10.0.40219.1
Project("{FAE04EC0-301F-11D3-BF4B-00C04F79EFBC}") = "random-dog-image-viewer", "random-dog-image-viewer\random-dog-image-viewer.csproj", "{3DCFB175-C66B-4614-B6A0-30A8206FE355}"
EndProject
Global
	GlobalSection(SolutionConfigurationPlatforms) = preSolution
		Debug|Any CPU = Debug|Any CPU
		Release|Any CPU = Release|Any CPU
	EndGlobalSection
	GlobalSection(ProjectConfigurationPlatforms) = postSolution
		{3DCFB175-C66B-4614-B6A0-30A8206FE355}.Debug|Any CPU.ActiveCfg = Debug|Any CPU
		{3DCFB175-C66B-4614-B6A0-30A8206FE355}.Debug|Any CPU.Build.0 = Debug|Any CPU
		{3DCFB175-C66B-4614-B6A0-30A8206FE355}.Release|Any CPU.ActiveCfg = Release|Any CPU
		{3DCFB175-C66B-4614-B6A0-30A8206FE355}.Release|Any CPU.Build.0 = Release|Any CPU
	EndGlobalSection
	GlobalSection(SolutionProperties) = preSolution
		HideSolutionNode = FALSE
	EndGlobalSection
	GlobalSection(ExtensibilityGlobals) = postSolution
		SolutionGuid = {8431C050-4003-404C-A690-3634C0052184}
	EndGlobalSection
EndGlobal
